
Microsoft Visual Studio Solution File, Format Version 12.00
Project("{FAE04EC0-301F-11D3-BF4B-00C04F79EFBC}") = "ServerSightAPI", "ServerSightAPI\ServerSightAPI.csproj", "{4C6FCF29-11EE-4533-B38E-1AE2A54733EB}"
EndProject
Project("{FAE04EC0-301F-11D3-BF4B-00C04F79EFBC}") = "ServerSightAPI.Tests.Integration", "ServerSightAPI.Tests.Integration\ServerSightAPI.Tests.Integration.csproj", "{36AD92A1-0D2A-4441-B72A-7E5649524D14}"
EndProject
Global
	GlobalSection(SolutionConfigurationPlatforms) = preSolution
		Debug|Any CPU = Debug|Any CPU
		Release|Any CPU = Release|Any CPU
	EndGlobalSection
	GlobalSection(ProjectConfigurationPlatforms) = postSolution
		{4C6FCF29-11EE-4533-B38E-1AE2A54733EB}.Debug|Any CPU.ActiveCfg = Debug|Any CPU
		{4C6FCF29-11EE-4533-B38E-1AE2A54733EB}.Debug|Any CPU.Build.0 = Debug|Any CPU
		{4C6FCF29-11EE-4533-B38E-1AE2A54733EB}.Release|Any CPU.ActiveCfg = Release|Any CPU
		{4C6FCF29-11EE-4533-B38E-1AE2A54733EB}.Release|Any CPU.Build.0 = Release|Any CPU
		{16762894-41A2-4A36-B320-7E23B52C2A52}.Debug|Any CPU.ActiveCfg = Debug|Any CPU
		{16762894-41A2-4A36-B320-7E23B52C2A52}.Debug|Any CPU.Build.0 = Debug|Any CPU
		{16762894-41A2-4A36-B320-7E23B52C2A52}.Release|Any CPU.ActiveCfg = Release|Any CPU
		{16762894-41A2-4A36-B320-7E23B52C2A52}.Release|Any CPU.Build.0 = Release|Any CPU
	EndGlobalSection
EndGlobal
